
Microsoft Visual Studio Solution File, Format Version 12.00
# Visual Studio Version 17
VisualStudioVersion = 17.5.33414.496
MinimumVisualStudioVersion = 10.0.40219.1
Project("{FAE04EC0-301F-11D3-BF4B-00C04F79EFBC}") = "MyDictionary", "MyDictionary\MyDictionary.csproj", "{2CDABD91-307B-4A63-AD2D-1426ACF6AF86}"
EndProject
Global
	GlobalSection(SolutionConfigurationPlatforms) = preSolution
		Debug|Any CPU = Debug|Any CPU
		Release|Any CPU = Release|Any CPU
	EndGlobalSection
	GlobalSection(ProjectConfigurationPlatforms) = postSolution
		{2CDABD91-307B-4A63-AD2D-1426ACF6AF86}.Debug|Any CPU.ActiveCfg = Debug|Any CPU
		{2CDABD91-307B-4A63-AD2D-1426ACF6AF86}.Debug|Any CPU.Build.0 = Debug|Any CPU
		{2CDABD91-307B-4A63-AD2D-1426ACF6AF86}.Release|Any CPU.ActiveCfg = Release|Any CPU
		{2CDABD91-307B-4A63-AD2D-1426ACF6AF86}.Release|Any CPU.Build.0 = Release|Any CPU
	EndGlobalSection
	GlobalSection(SolutionProperties) = preSolution
		HideSolutionNode = FALSE
	EndGlobalSection
	GlobalSection(ExtensibilityGlobals) = postSolution
		SolutionGuid = {AE297044-CD37-403E-A7FC-797CC79D23A0}
	EndGlobalSection
EndGlobal
